
Microsoft Visual Studio Solution File, Format Version 12.00
# Visual Studio 2017
Project("{f2a71f9b-5d33-465a-a702-920d77279786}") = "Server", "Server.fsproj", "{CF64247D-7CF5-433A-832F-5D5144E1B927}"
EndProject
Global
	GlobalSection(SolutionConfigurationPlatforms) = preSolution
		Debug|Any CPU = Debug|Any CPU
		Release|Any CPU = Release|Any CPU
	EndGlobalSection
	GlobalSection(ProjectConfigurationPlatforms) = postSolution
		{CF64247D-7CF5-433A-832F-5D5144E1B927}.Debug|Any CPU.ActiveCfg = Debug|Any CPU
		{CF64247D-7CF5-433A-832F-5D5144E1B927}.Debug|Any CPU.Build.0 = Debug|Any CPU
		{CF64247D-7CF5-433A-832F-5D5144E1B927}.Release|Any CPU.ActiveCfg = Release|Any CPU
		{CF64247D-7CF5-433A-832F-5D5144E1B927}.Release|Any CPU.Build.0 = Release|Any CPU
	EndGlobalSection
EndGlobal
